// !$*UTF8*$!
{
	archiveVersion = 1;
	classes = {
	};
	objectVersion = 46;
	objects = {

/* Begin PBXBuildFile section */
		DB591DBA1A12D7D3005F7DCE /* Haneke.h in Headers */ = {isa = PBXBuildFile; fileRef = DB591DB91A12D7D3005F7DCE /* Haneke.h */; settings = {ATTRIBUTES = (Public, ); }; };
		DB591DC01A12D7D3005F7DCE /* Haneke.framework in Frameworks */ = {isa = PBXBuildFile; fileRef = DB591DB41A12D7D3005F7DCE /* Haneke.framework */; };
		DB591DDA1A12D853005F7DCE /* AppDelegate.swift in Sources */ = {isa = PBXBuildFile; fileRef = DB591DD91A12D853005F7DCE /* AppDelegate.swift */; };
		DB591DDC1A12D853005F7DCE /* ViewController.swift in Sources */ = {isa = PBXBuildFile; fileRef = DB591DDB1A12D853005F7DCE /* ViewController.swift */; };
		DB591DDF1A12D853005F7DCE /* Main.storyboard in Resources */ = {isa = PBXBuildFile; fileRef = DB591DDD1A12D853005F7DCE /* Main.storyboard */; };
		DB591DE11A12D853005F7DCE /* Images.xcassets in Resources */ = {isa = PBXBuildFile; fileRef = DB591DE01A12D853005F7DCE /* Images.xcassets */; };
		DB591DE41A12D853005F7DCE /* LaunchScreen.xib in Resources */ = {isa = PBXBuildFile; fileRef = DB591DE21A12D853005F7DCE /* LaunchScreen.xib */; };
		DB591E0D1A12D88B005F7DCE /* Cache.swift in Sources */ = {isa = PBXBuildFile; fileRef = DB591DFB1A12D88B005F7DCE /* Cache.swift */; };
		DB591E0E1A12D88B005F7DCE /* CGSize+Swift.swift in Sources */ = {isa = PBXBuildFile; fileRef = DB591DFC1A12D88B005F7DCE /* CGSize+Swift.swift */; };
		DB591E0F1A12D88B005F7DCE /* Data.swift in Sources */ = {isa = PBXBuildFile; fileRef = DB591DFD1A12D88B005F7DCE /* Data.swift */; };
		DB591E101A12D88B005F7DCE /* DiskCache.swift in Sources */ = {isa = PBXBuildFile; fileRef = DB591DFE1A12D88B005F7DCE /* DiskCache.swift */; };
		DB591E111A12D88B005F7DCE /* DiskFetcher.swift in Sources */ = {isa = PBXBuildFile; fileRef = DB591DFF1A12D88B005F7DCE /* DiskFetcher.swift */; };
		DB591E121A12D88B005F7DCE /* Fetch.swift in Sources */ = {isa = PBXBuildFile; fileRef = DB591E001A12D88B005F7DCE /* Fetch.swift */; };
		DB591E131A12D88B005F7DCE /* Fetcher.swift in Sources */ = {isa = PBXBuildFile; fileRef = DB591E011A12D88B005F7DCE /* Fetcher.swift */; };
		DB591E141A12D88B005F7DCE /* Format.swift in Sources */ = {isa = PBXBuildFile; fileRef = DB591E021A12D88B005F7DCE /* Format.swift */; };
		DB591E151A12D88B005F7DCE /* Haneke.swift in Sources */ = {isa = PBXBuildFile; fileRef = DB591E031A12D88B005F7DCE /* Haneke.swift */; };
		DB591E161A12D88B005F7DCE /* NetworkFetcher.swift in Sources */ = {isa = PBXBuildFile; fileRef = DB591E041A12D88B005F7DCE /* NetworkFetcher.swift */; };
		DB591E171A12D88B005F7DCE /* NSFileManager+Haneke.swift in Sources */ = {isa = PBXBuildFile; fileRef = DB591E051A12D88B005F7DCE /* NSFileManager+Haneke.swift */; };
		DB591E181A12D88B005F7DCE /* NSHTTPURLResponse+Haneke.swift in Sources */ = {isa = PBXBuildFile; fileRef = DB591E061A12D88B005F7DCE /* NSHTTPURLResponse+Haneke.swift */; };
		DB591E191A12D88B005F7DCE /* NSURL+Haneke.swift in Sources */ = {isa = PBXBuildFile; fileRef = DB591E071A12D88B005F7DCE /* NSURL+Haneke.swift */; };
		DB591E1A1A12D88B005F7DCE /* String+Haneke.swift in Sources */ = {isa = PBXBuildFile; fileRef = DB591E081A12D88B005F7DCE /* String+Haneke.swift */; };
		DB591E1B1A12D88B005F7DCE /* UIButton+Haneke.swift in Sources */ = {isa = PBXBuildFile; fileRef = DB591E091A12D88B005F7DCE /* UIButton+Haneke.swift */; };
		DB591E1C1A12D88B005F7DCE /* UIImage+Haneke.swift in Sources */ = {isa = PBXBuildFile; fileRef = DB591E0A1A12D88B005F7DCE /* UIImage+Haneke.swift */; };
		DB591E1D1A12D88B005F7DCE /* UIImageView+Haneke.swift in Sources */ = {isa = PBXBuildFile; fileRef = DB591E0B1A12D88B005F7DCE /* UIImageView+Haneke.swift */; };
		DB591E1E1A12D88B005F7DCE /* UIView+Haneke.swift in Sources */ = {isa = PBXBuildFile; fileRef = DB591E0C1A12D88B005F7DCE /* UIView+Haneke.swift */; };
		DB591E371A12D991005F7DCE /* libOHHTTPStubs.a in Frameworks */ = {isa = PBXBuildFile; fileRef = DB591E291A12D971005F7DCE /* libOHHTTPStubs.a */; };
		DB591E461A12DA14005F7DCE /* HanekeTests.swift in Sources */ = {isa = PBXBuildFile; fileRef = DB591E451A12DA14005F7DCE /* HanekeTests.swift */; };
		DBCFFD091A12DB94000FE0BB /* CacheTests.swift in Sources */ = {isa = PBXBuildFile; fileRef = DBCFFCF61A12DB94000FE0BB /* CacheTests.swift */; };
		DBCFFD0A1A12DB94000FE0BB /* CGSize+HanekeTests.swift in Sources */ = {isa = PBXBuildFile; fileRef = DBCFFCF71A12DB94000FE0BB /* CGSize+HanekeTests.swift */; };
		DBCFFD0B1A12DB94000FE0BB /* DataTests.swift in Sources */ = {isa = PBXBuildFile; fileRef = DBCFFCF81A12DB94000FE0BB /* DataTests.swift */; };
		DBCFFD0C1A12DB94000FE0BB /* DiskCacheTests.swift in Sources */ = {isa = PBXBuildFile; fileRef = DBCFFCF91A12DB94000FE0BB /* DiskCacheTests.swift */; };
		DBCFFD0D1A12DB94000FE0BB /* DiskFetcherTests.swift in Sources */ = {isa = PBXBuildFile; fileRef = DBCFFCFA1A12DB94000FE0BB /* DiskFetcherTests.swift */; };
		DBCFFD0E1A12DB94000FE0BB /* DiskTestCase.swift in Sources */ = {isa = PBXBuildFile; fileRef = DBCFFCFB1A12DB94000FE0BB /* DiskTestCase.swift */; };
		DBCFFD0F1A12DB94000FE0BB /* FetcherTests.swift in Sources */ = {isa = PBXBuildFile; fileRef = DBCFFCFC1A12DB94000FE0BB /* FetcherTests.swift */; };
		DBCFFD101A12DB94000FE0BB /* FetchTests.swift in Sources */ = {isa = PBXBuildFile; fileRef = DBCFFCFD1A12DB94000FE0BB /* FetchTests.swift */; };
		DBCFFD111A12DB94000FE0BB /* FormatTests.swift in Sources */ = {isa = PBXBuildFile; fileRef = DBCFFCFE1A12DB94000FE0BB /* FormatTests.swift */; };
		DBCFFD121A12DB94000FE0BB /* NetworkFetcherTests.swift in Sources */ = {isa = PBXBuildFile; fileRef = DBCFFCFF1A12DB94000FE0BB /* NetworkFetcherTests.swift */; };
		DBCFFD131A12DB94000FE0BB /* NSData+Test.swift in Sources */ = {isa = PBXBuildFile; fileRef = DBCFFD001A12DB94000FE0BB /* NSData+Test.swift */; };
		DBCFFD141A12DB94000FE0BB /* NSFileManager+HanekeTests.swift in Sources */ = {isa = PBXBuildFile; fileRef = DBCFFD011A12DB94000FE0BB /* NSFileManager+HanekeTests.swift */; };
		DBCFFD151A12DB94000FE0BB /* NSHTTPURLResponse+HanekeTests.swift in Sources */ = {isa = PBXBuildFile; fileRef = DBCFFD021A12DB94000FE0BB /* NSHTTPURLResponse+HanekeTests.swift */; };
		DBCFFD161A12DB94000FE0BB /* String+HanekeTests.swift in Sources */ = {isa = PBXBuildFile; fileRef = DBCFFD031A12DB94000FE0BB /* String+HanekeTests.swift */; };
		DBCFFD171A12DB94000FE0BB /* UIButton+HanekeTests.swift in Sources */ = {isa = PBXBuildFile; fileRef = DBCFFD041A12DB94000FE0BB /* UIButton+HanekeTests.swift */; };
		DBCFFD181A12DB94000FE0BB /* UIImage+HanekeTests.swift in Sources */ = {isa = PBXBuildFile; fileRef = DBCFFD051A12DB94000FE0BB /* UIImage+HanekeTests.swift */; };
		DBCFFD191A12DB94000FE0BB /* UIImage+Test.swift in Sources */ = {isa = PBXBuildFile; fileRef = DBCFFD061A12DB94000FE0BB /* UIImage+Test.swift */; };
		DBCFFD1A1A12DB94000FE0BB /* UIImageView+HanekeTests.swift in Sources */ = {isa = PBXBuildFile; fileRef = DBCFFD071A12DB94000FE0BB /* UIImageView+HanekeTests.swift */; };
		DBCFFD1B1A12DB94000FE0BB /* XCTestCase+Test.swift in Sources */ = {isa = PBXBuildFile; fileRef = DBCFFD081A12DB94000FE0BB /* XCTestCase+Test.swift */; };
/* End PBXBuildFile section */

/* Begin PBXContainerItemProxy section */
		DB591DC11A12D7D3005F7DCE /* PBXContainerItemProxy */ = {
			isa = PBXContainerItemProxy;
			containerPortal = DB591DAB1A12D7D2005F7DCE /* Project object */;
			proxyType = 1;
			remoteGlobalIDString = DB591DB31A12D7D2005F7DCE;
			remoteInfo = Haneke;
		};
		DB591E281A12D971005F7DCE /* PBXContainerItemProxy */ = {
			isa = PBXContainerItemProxy;
			containerPortal = DB591E211A12D971005F7DCE /* OHHTTPStubs.xcodeproj */;
			proxyType = 2;
			remoteGlobalIDString = 09110A4119805F4800D175E4;
			remoteInfo = "OHHTTPStubs iOS";
		};
		DB591E2A1A12D971005F7DCE /* PBXContainerItemProxy */ = {
			isa = PBXContainerItemProxy;
			containerPortal = DB591E211A12D971005F7DCE /* OHHTTPStubs.xcodeproj */;
			proxyType = 2;
			remoteGlobalIDString = 09110A5119805F4800D175E4;
			remoteInfo = "OHHTTPStubs iOS Tests";
		};
		DB591E2C1A12D971005F7DCE /* PBXContainerItemProxy */ = {
			isa = PBXContainerItemProxy;
			containerPortal = DB591E211A12D971005F7DCE /* OHHTTPStubs.xcodeproj */;
			proxyType = 2;
			remoteGlobalIDString = 095981C219806A7900807DBE;
			remoteInfo = "OHHTTPStubs Mac";
		};
		DB591E2E1A12D971005F7DCE /* PBXContainerItemProxy */ = {
			isa = PBXContainerItemProxy;
			containerPortal = DB591E211A12D971005F7DCE /* OHHTTPStubs.xcodeproj */;
			proxyType = 2;
			remoteGlobalIDString = 095981D219806A7900807DBE;
			remoteInfo = "OHHTTPStubs Mac Tests";
		};
		DB591E311A12D98C005F7DCE /* PBXContainerItemProxy */ = {
			isa = PBXContainerItemProxy;
			containerPortal = DB591E211A12D971005F7DCE /* OHHTTPStubs.xcodeproj */;
			proxyType = 1;
			remoteGlobalIDString = 09110A4019805F4800D175E4;
			remoteInfo = "OHHTTPStubs iOS";
		};
/* End PBXContainerItemProxy section */

/* Begin PBXFileReference section */
		DB591DB41A12D7D3005F7DCE /* Haneke.framework */ = {isa = PBXFileReference; explicitFileType = wrapper.framework; includeInIndex = 0; path = Haneke.framework; sourceTree = BUILT_PRODUCTS_DIR; };
		DB591DB81A12D7D3005F7DCE /* Info.plist */ = {isa = PBXFileReference; lastKnownFileType = text.plist.xml; path = Info.plist; sourceTree = "<group>"; };
		DB591DB91A12D7D3005F7DCE /* Haneke.h */ = {isa = PBXFileReference; lastKnownFileType = sourcecode.c.h; path = Haneke.h; sourceTree = "<group>"; };
		DB591DBF1A12D7D3005F7DCE /* HanekeTests.xctest */ = {isa = PBXFileReference; explicitFileType = wrapper.cfbundle; includeInIndex = 0; path = HanekeTests.xctest; sourceTree = BUILT_PRODUCTS_DIR; };
		DB591DC51A12D7D3005F7DCE /* Info.plist */ = {isa = PBXFileReference; lastKnownFileType = text.plist.xml; path = Info.plist; sourceTree = "<group>"; };
		DB591DD51A12D853005F7DCE /* HanekeDemo.app */ = {isa = PBXFileReference; explicitFileType = wrapper.application; includeInIndex = 0; path = HanekeDemo.app; sourceTree = BUILT_PRODUCTS_DIR; };
		DB591DD81A12D853005F7DCE /* Info.plist */ = {isa = PBXFileReference; lastKnownFileType = text.plist.xml; path = Info.plist; sourceTree = "<group>"; };
		DB591DD91A12D853005F7DCE /* AppDelegate.swift */ = {isa = PBXFileReference; lastKnownFileType = sourcecode.swift; path = AppDelegate.swift; sourceTree = "<group>"; };
		DB591DDB1A12D853005F7DCE /* ViewController.swift */ = {isa = PBXFileReference; lastKnownFileType = sourcecode.swift; path = ViewController.swift; sourceTree = "<group>"; };
		DB591DDE1A12D853005F7DCE /* Base */ = {isa = PBXFileReference; lastKnownFileType = file.storyboard; name = Base; path = Base.lproj/Main.storyboard; sourceTree = "<group>"; };
		DB591DE01A12D853005F7DCE /* Images.xcassets */ = {isa = PBXFileReference; lastKnownFileType = folder.assetcatalog; path = Images.xcassets; sourceTree = "<group>"; };
		DB591DE31A12D853005F7DCE /* Base */ = {isa = PBXFileReference; lastKnownFileType = file.xib; name = Base; path = Base.lproj/LaunchScreen.xib; sourceTree = "<group>"; };
		DB591DFB1A12D88B005F7DCE /* Cache.swift */ = {isa = PBXFileReference; fileEncoding = 4; lastKnownFileType = sourcecode.swift; path = Cache.swift; sourceTree = "<group>"; };
		DB591DFC1A12D88B005F7DCE /* CGSize+Swift.swift */ = {isa = PBXFileReference; fileEncoding = 4; lastKnownFileType = sourcecode.swift; path = "CGSize+Swift.swift"; sourceTree = "<group>"; };
		DB591DFD1A12D88B005F7DCE /* Data.swift */ = {isa = PBXFileReference; fileEncoding = 4; lastKnownFileType = sourcecode.swift; path = Data.swift; sourceTree = "<group>"; };
		DB591DFE1A12D88B005F7DCE /* DiskCache.swift */ = {isa = PBXFileReference; fileEncoding = 4; lastKnownFileType = sourcecode.swift; path = DiskCache.swift; sourceTree = "<group>"; };
		DB591DFF1A12D88B005F7DCE /* DiskFetcher.swift */ = {isa = PBXFileReference; fileEncoding = 4; lastKnownFileType = sourcecode.swift; path = DiskFetcher.swift; sourceTree = "<group>"; };
		DB591E001A12D88B005F7DCE /* Fetch.swift */ = {isa = PBXFileReference; fileEncoding = 4; lastKnownFileType = sourcecode.swift; path = Fetch.swift; sourceTree = "<group>"; };
		DB591E011A12D88B005F7DCE /* Fetcher.swift */ = {isa = PBXFileReference; fileEncoding = 4; lastKnownFileType = sourcecode.swift; path = Fetcher.swift; sourceTree = "<group>"; };
		DB591E021A12D88B005F7DCE /* Format.swift */ = {isa = PBXFileReference; fileEncoding = 4; lastKnownFileType = sourcecode.swift; path = Format.swift; sourceTree = "<group>"; };
		DB591E031A12D88B005F7DCE /* Haneke.swift */ = {isa = PBXFileReference; fileEncoding = 4; lastKnownFileType = sourcecode.swift; path = Haneke.swift; sourceTree = "<group>"; };
		DB591E041A12D88B005F7DCE /* NetworkFetcher.swift */ = {isa = PBXFileReference; fileEncoding = 4; lastKnownFileType = sourcecode.swift; path = NetworkFetcher.swift; sourceTree = "<group>"; };
		DB591E051A12D88B005F7DCE /* NSFileManager+Haneke.swift */ = {isa = PBXFileReference; fileEncoding = 4; lastKnownFileType = sourcecode.swift; path = "NSFileManager+Haneke.swift"; sourceTree = "<group>"; };
		DB591E061A12D88B005F7DCE /* NSHTTPURLResponse+Haneke.swift */ = {isa = PBXFileReference; fileEncoding = 4; lastKnownFileType = sourcecode.swift; path = "NSHTTPURLResponse+Haneke.swift"; sourceTree = "<group>"; };
		DB591E071A12D88B005F7DCE /* NSURL+Haneke.swift */ = {isa = PBXFileReference; fileEncoding = 4; lastKnownFileType = sourcecode.swift; path = "NSURL+Haneke.swift"; sourceTree = "<group>"; };
		DB591E081A12D88B005F7DCE /* String+Haneke.swift */ = {isa = PBXFileReference; fileEncoding = 4; lastKnownFileType = sourcecode.swift; path = "String+Haneke.swift"; sourceTree = "<group>"; };
		DB591E091A12D88B005F7DCE /* UIButton+Haneke.swift */ = {isa = PBXFileReference; fileEncoding = 4; lastKnownFileType = sourcecode.swift; path = "UIButton+Haneke.swift"; sourceTree = "<group>"; };
		DB591E0A1A12D88B005F7DCE /* UIImage+Haneke.swift */ = {isa = PBXFileReference; fileEncoding = 4; lastKnownFileType = sourcecode.swift; path = "UIImage+Haneke.swift"; sourceTree = "<group>"; };
		DB591E0B1A12D88B005F7DCE /* UIImageView+Haneke.swift */ = {isa = PBXFileReference; fileEncoding = 4; lastKnownFileType = sourcecode.swift; path = "UIImageView+Haneke.swift"; sourceTree = "<group>"; };
		DB591E0C1A12D88B005F7DCE /* UIView+Haneke.swift */ = {isa = PBXFileReference; fileEncoding = 4; lastKnownFileType = sourcecode.swift; path = "UIView+Haneke.swift"; sourceTree = "<group>"; };
		DB591E211A12D971005F7DCE /* OHHTTPStubs.xcodeproj */ = {isa = PBXFileReference; lastKnownFileType = "wrapper.pb-project"; name = OHHTTPStubs.xcodeproj; path = Submodules/OHHTTPStubs/OHHTTPStubs.xcodeproj; sourceTree = "<group>"; };
		DB591E411A12DA13005F7DCE /* HanekeTests-Bridging-Header.h */ = {isa = PBXFileReference; lastKnownFileType = sourcecode.c.h; path = "HanekeTests-Bridging-Header.h"; sourceTree = "<group>"; };
		DB591E451A12DA14005F7DCE /* HanekeTests.swift */ = {isa = PBXFileReference; fileEncoding = 4; lastKnownFileType = sourcecode.swift; path = HanekeTests.swift; sourceTree = "<group>"; };
		DBCFFCF61A12DB94000FE0BB /* CacheTests.swift */ = {isa = PBXFileReference; fileEncoding = 4; lastKnownFileType = sourcecode.swift; path = CacheTests.swift; sourceTree = "<group>"; };
		DBCFFCF71A12DB94000FE0BB /* CGSize+HanekeTests.swift */ = {isa = PBXFileReference; fileEncoding = 4; lastKnownFileType = sourcecode.swift; path = "CGSize+HanekeTests.swift"; sourceTree = "<group>"; };
		DBCFFCF81A12DB94000FE0BB /* DataTests.swift */ = {isa = PBXFileReference; fileEncoding = 4; lastKnownFileType = sourcecode.swift; path = DataTests.swift; sourceTree = "<group>"; };
		DBCFFCF91A12DB94000FE0BB /* DiskCacheTests.swift */ = {isa = PBXFileReference; fileEncoding = 4; lastKnownFileType = sourcecode.swift; path = DiskCacheTests.swift; sourceTree = "<group>"; };
		DBCFFCFA1A12DB94000FE0BB /* DiskFetcherTests.swift */ = {isa = PBXFileReference; fileEncoding = 4; lastKnownFileType = sourcecode.swift; path = DiskFetcherTests.swift; sourceTree = "<group>"; };
		DBCFFCFB1A12DB94000FE0BB /* DiskTestCase.swift */ = {isa = PBXFileReference; fileEncoding = 4; lastKnownFileType = sourcecode.swift; path = DiskTestCase.swift; sourceTree = "<group>"; };
		DBCFFCFC1A12DB94000FE0BB /* FetcherTests.swift */ = {isa = PBXFileReference; fileEncoding = 4; lastKnownFileType = sourcecode.swift; path = FetcherTests.swift; sourceTree = "<group>"; };
		DBCFFCFD1A12DB94000FE0BB /* FetchTests.swift */ = {isa = PBXFileReference; fileEncoding = 4; lastKnownFileType = sourcecode.swift; path = FetchTests.swift; sourceTree = "<group>"; };
		DBCFFCFE1A12DB94000FE0BB /* FormatTests.swift */ = {isa = PBXFileReference; fileEncoding = 4; lastKnownFileType = sourcecode.swift; path = FormatTests.swift; sourceTree = "<group>"; };
		DBCFFCFF1A12DB94000FE0BB /* NetworkFetcherTests.swift */ = {isa = PBXFileReference; fileEncoding = 4; lastKnownFileType = sourcecode.swift; path = NetworkFetcherTests.swift; sourceTree = "<group>"; };
		DBCFFD001A12DB94000FE0BB /* NSData+Test.swift */ = {isa = PBXFileReference; fileEncoding = 4; lastKnownFileType = sourcecode.swift; path = "NSData+Test.swift"; sourceTree = "<group>"; };
		DBCFFD011A12DB94000FE0BB /* NSFileManager+HanekeTests.swift */ = {isa = PBXFileReference; fileEncoding = 4; lastKnownFileType = sourcecode.swift; path = "NSFileManager+HanekeTests.swift"; sourceTree = "<group>"; };
		DBCFFD021A12DB94000FE0BB /* NSHTTPURLResponse+HanekeTests.swift */ = {isa = PBXFileReference; fileEncoding = 4; lastKnownFileType = sourcecode.swift; path = "NSHTTPURLResponse+HanekeTests.swift"; sourceTree = "<group>"; };
		DBCFFD031A12DB94000FE0BB /* String+HanekeTests.swift */ = {isa = PBXFileReference; fileEncoding = 4; lastKnownFileType = sourcecode.swift; path = "String+HanekeTests.swift"; sourceTree = "<group>"; };
		DBCFFD041A12DB94000FE0BB /* UIButton+HanekeTests.swift */ = {isa = PBXFileReference; fileEncoding = 4; lastKnownFileType = sourcecode.swift; path = "UIButton+HanekeTests.swift"; sourceTree = "<group>"; };
		DBCFFD051A12DB94000FE0BB /* UIImage+HanekeTests.swift */ = {isa = PBXFileReference; fileEncoding = 4; lastKnownFileType = sourcecode.swift; path = "UIImage+HanekeTests.swift"; sourceTree = "<group>"; };
		DBCFFD061A12DB94000FE0BB /* UIImage+Test.swift */ = {isa = PBXFileReference; fileEncoding = 4; lastKnownFileType = sourcecode.swift; path = "UIImage+Test.swift"; sourceTree = "<group>"; };
		DBCFFD071A12DB94000FE0BB /* UIImageView+HanekeTests.swift */ = {isa = PBXFileReference; fileEncoding = 4; lastKnownFileType = sourcecode.swift; path = "UIImageView+HanekeTests.swift"; sourceTree = "<group>"; };
		DBCFFD081A12DB94000FE0BB /* XCTestCase+Test.swift */ = {isa = PBXFileReference; fileEncoding = 4; lastKnownFileType = sourcecode.swift; path = "XCTestCase+Test.swift"; sourceTree = "<group>"; };
/* End PBXFileReference section */

/* Begin PBXFrameworksBuildPhase section */
		DB591DB01A12D7D2005F7DCE /* Frameworks */ = {
			isa = PBXFrameworksBuildPhase;
			buildActionMask = 2147483647;
			files = (
			);
			runOnlyForDeploymentPostprocessing = 0;
		};
		DB591DBC1A12D7D3005F7DCE /* Frameworks */ = {
			isa = PBXFrameworksBuildPhase;
			buildActionMask = 2147483647;
			files = (
				DB591E371A12D991005F7DCE /* libOHHTTPStubs.a in Frameworks */,
				DB591DC01A12D7D3005F7DCE /* Haneke.framework in Frameworks */,
			);
			runOnlyForDeploymentPostprocessing = 0;
		};
		DB591DD21A12D853005F7DCE /* Frameworks */ = {
			isa = PBXFrameworksBuildPhase;
			buildActionMask = 2147483647;
			files = (
			);
			runOnlyForDeploymentPostprocessing = 0;
		};
/* End PBXFrameworksBuildPhase section */

/* Begin PBXGroup section */
		DB591DAA1A12D7D2005F7DCE = {
			isa = PBXGroup;
			children = (
				DB591DB61A12D7D3005F7DCE /* Haneke */,
				DB591DC31A12D7D3005F7DCE /* HanekeTests */,
				DB591DD61A12D853005F7DCE /* HanekeDemo */,
				DB591DB51A12D7D3005F7DCE /* Products */,
			);
			sourceTree = "<group>";
		};
		DB591DB51A12D7D3005F7DCE /* Products */ = {
			isa = PBXGroup;
			children = (
				DB591DB41A12D7D3005F7DCE /* Haneke.framework */,
				DB591DBF1A12D7D3005F7DCE /* HanekeTests.xctest */,
				DB591DD51A12D853005F7DCE /* HanekeDemo.app */,
			);
			name = Products;
			sourceTree = "<group>";
		};
		DB591DB61A12D7D3005F7DCE /* Haneke */ = {
			isa = PBXGroup;
			children = (
				DB591DFB1A12D88B005F7DCE /* Cache.swift */,
				DB591DFD1A12D88B005F7DCE /* Data.swift */,
				DB591DFE1A12D88B005F7DCE /* DiskCache.swift */,
				DB591DFF1A12D88B005F7DCE /* DiskFetcher.swift */,
				DB591E201A12D941005F7DCE /* Extensions */,
				DB591E001A12D88B005F7DCE /* Fetch.swift */,
				DB591E011A12D88B005F7DCE /* Fetcher.swift */,
				DB591E021A12D88B005F7DCE /* Format.swift */,
				DB591DB91A12D7D3005F7DCE /* Haneke.h */,
				DB591E031A12D88B005F7DCE /* Haneke.swift */,
				DB591E041A12D88B005F7DCE /* NetworkFetcher.swift */,
				DB591DB71A12D7D3005F7DCE /* Supporting Files */,
				DB591E1F1A12D8AF005F7DCE /* UIKit */,
			);
			path = Haneke;
			sourceTree = "<group>";
		};
		DB591DB71A12D7D3005F7DCE /* Supporting Files */ = {
			isa = PBXGroup;
			children = (
				DB591DB81A12D7D3005F7DCE /* Info.plist */,
			);
			name = "Supporting Files";
			sourceTree = "<group>";
		};
		DB591DC31A12D7D3005F7DCE /* HanekeTests */ = {
			isa = PBXGroup;
			children = (
				DBCFFCF61A12DB94000FE0BB /* CacheTests.swift */,
				DBCFFCF71A12DB94000FE0BB /* CGSize+HanekeTests.swift */,
				DBCFFCF81A12DB94000FE0BB /* DataTests.swift */,
				DBCFFCF91A12DB94000FE0BB /* DiskCacheTests.swift */,
				DBCFFCFA1A12DB94000FE0BB /* DiskFetcherTests.swift */,
				DBCFFCFC1A12DB94000FE0BB /* FetcherTests.swift */,
				DBCFFCFD1A12DB94000FE0BB /* FetchTests.swift */,
				DBCFFCFE1A12DB94000FE0BB /* FormatTests.swift */,
				DB591E451A12DA14005F7DCE /* HanekeTests.swift */,
				DBCFFCFF1A12DB94000FE0BB /* NetworkFetcherTests.swift */,
				DBCFFD011A12DB94000FE0BB /* NSFileManager+HanekeTests.swift */,
				DBCFFD021A12DB94000FE0BB /* NSHTTPURLResponse+HanekeTests.swift */,
				DB591E211A12D971005F7DCE /* OHHTTPStubs.xcodeproj */,
				DBCFFD031A12DB94000FE0BB /* String+HanekeTests.swift */,
				DB591DC41A12D7D3005F7DCE /* Supporting Files */,
				DBCFFD051A12DB94000FE0BB /* UIImage+HanekeTests.swift */,
				DBCFFD241A12DBC8000FE0BB /* UIKit */,
				DBCFFD251A12DBE1000FE0BB /* Utilities */,
			);
			path = HanekeTests;
			sourceTree = "<group>";
		};
		DB591DC41A12D7D3005F7DCE /* Supporting Files */ = {
			isa = PBXGroup;
			children = (
				DB591E411A12DA13005F7DCE /* HanekeTests-Bridging-Header.h */,
				DB591DC51A12D7D3005F7DCE /* Info.plist */,
			);
			name = "Supporting Files";
			sourceTree = "<group>";
		};
		DB591DD61A12D853005F7DCE /* HanekeDemo */ = {
			isa = PBXGroup;
			children = (
				DB591DD91A12D853005F7DCE /* AppDelegate.swift */,
				DB591DDB1A12D853005F7DCE /* ViewController.swift */,
				DB591DDD1A12D853005F7DCE /* Main.storyboard */,
				DB591DE01A12D853005F7DCE /* Images.xcassets */,
				DB591DE21A12D853005F7DCE /* LaunchScreen.xib */,
				DB591DD71A12D853005F7DCE /* Supporting Files */,
			);
			path = HanekeDemo;
			sourceTree = "<group>";
		};
		DB591DD71A12D853005F7DCE /* Supporting Files */ = {
			isa = PBXGroup;
			children = (
				DB591DD81A12D853005F7DCE /* Info.plist */,
			);
			name = "Supporting Files";
			sourceTree = "<group>";
		};
		DB591E1F1A12D8AF005F7DCE /* UIKit */ = {
			isa = PBXGroup;
			children = (
				DB591E091A12D88B005F7DCE /* UIButton+Haneke.swift */,
				DB591E0B1A12D88B005F7DCE /* UIImageView+Haneke.swift */,
				DB591E0C1A12D88B005F7DCE /* UIView+Haneke.swift */,
			);
			name = UIKit;
			sourceTree = "<group>";
		};
		DB591E201A12D941005F7DCE /* Extensions */ = {
			isa = PBXGroup;
			children = (
				DB591DFC1A12D88B005F7DCE /* CGSize+Swift.swift */,
				DB591E051A12D88B005F7DCE /* NSFileManager+Haneke.swift */,
				DB591E061A12D88B005F7DCE /* NSHTTPURLResponse+Haneke.swift */,
				DB591E071A12D88B005F7DCE /* NSURL+Haneke.swift */,
				DB591E081A12D88B005F7DCE /* String+Haneke.swift */,
				DB591E0A1A12D88B005F7DCE /* UIImage+Haneke.swift */,
			);
			name = Extensions;
			sourceTree = "<group>";
		};
		DB591E221A12D971005F7DCE /* Products */ = {
			isa = PBXGroup;
			children = (
				DB591E291A12D971005F7DCE /* libOHHTTPStubs.a */,
				DB591E2B1A12D971005F7DCE /* OHHTTPStubs iOS Tests.xctest */,
				DB591E2D1A12D971005F7DCE /* OHHTTPStubs.framework */,
				DB591E2F1A12D971005F7DCE /* OHHTTPStubs Mac Tests.xctest */,
			);
			name = Products;
			sourceTree = "<group>";
		};
		DBCFFD241A12DBC8000FE0BB /* UIKit */ = {
			isa = PBXGroup;
			children = (
				DBCFFD041A12DB94000FE0BB /* UIButton+HanekeTests.swift */,
				DBCFFD071A12DB94000FE0BB /* UIImageView+HanekeTests.swift */,
			);
			name = UIKit;
			sourceTree = "<group>";
		};
		DBCFFD251A12DBE1000FE0BB /* Utilities */ = {
			isa = PBXGroup;
			children = (
				DBCFFCFB1A12DB94000FE0BB /* DiskTestCase.swift */,
				DBCFFD001A12DB94000FE0BB /* NSData+Test.swift */,
				DBCFFD061A12DB94000FE0BB /* UIImage+Test.swift */,
				DBCFFD081A12DB94000FE0BB /* XCTestCase+Test.swift */,
			);
			name = Utilities;
			sourceTree = "<group>";
		};
/* End PBXGroup section */

/* Begin PBXHeadersBuildPhase section */
		DB591DB11A12D7D2005F7DCE /* Headers */ = {
			isa = PBXHeadersBuildPhase;
			buildActionMask = 2147483647;
			files = (
				DB591DBA1A12D7D3005F7DCE /* Haneke.h in Headers */,
			);
			runOnlyForDeploymentPostprocessing = 0;
		};
/* End PBXHeadersBuildPhase section */

/* Begin PBXNativeTarget section */
		DB591DB31A12D7D2005F7DCE /* Haneke */ = {
			isa = PBXNativeTarget;
			buildConfigurationList = DB591DCA1A12D7D3005F7DCE /* Build configuration list for PBXNativeTarget "Haneke" */;
			buildPhases = (
				DB591DAF1A12D7D2005F7DCE /* Sources */,
				DB591DB01A12D7D2005F7DCE /* Frameworks */,
				DB591DB11A12D7D2005F7DCE /* Headers */,
				DB591DB21A12D7D2005F7DCE /* Resources */,
			);
			buildRules = (
			);
			dependencies = (
			);
			name = Haneke;
			productName = Haneke;
			productReference = DB591DB41A12D7D3005F7DCE /* Haneke.framework */;
			productType = "com.apple.product-type.framework";
		};
		DB591DBE1A12D7D3005F7DCE /* HanekeTests */ = {
			isa = PBXNativeTarget;
			buildConfigurationList = DB591DCD1A12D7D3005F7DCE /* Build configuration list for PBXNativeTarget "HanekeTests" */;
			buildPhases = (
				DB591DBB1A12D7D3005F7DCE /* Sources */,
				DB591DBC1A12D7D3005F7DCE /* Frameworks */,
				DB591DBD1A12D7D3005F7DCE /* Resources */,
			);
			buildRules = (
			);
			dependencies = (
				DB591E321A12D98C005F7DCE /* PBXTargetDependency */,
				DB591DC21A12D7D3005F7DCE /* PBXTargetDependency */,
			);
			name = HanekeTests;
			productName = HanekeTests;
			productReference = DB591DBF1A12D7D3005F7DCE /* HanekeTests.xctest */;
			productType = "com.apple.product-type.bundle.unit-test";
		};
		DB591DD41A12D853005F7DCE /* HanekeDemo */ = {
			isa = PBXNativeTarget;
			buildConfigurationList = DB591DF11A12D853005F7DCE /* Build configuration list for PBXNativeTarget "HanekeDemo" */;
			buildPhases = (
				DB591DD11A12D853005F7DCE /* Sources */,
				DB591DD21A12D853005F7DCE /* Frameworks */,
				DB591DD31A12D853005F7DCE /* Resources */,
			);
			buildRules = (
			);
			dependencies = (
			);
			name = HanekeDemo;
			productName = HanekeDemo;
			productReference = DB591DD51A12D853005F7DCE /* HanekeDemo.app */;
			productType = "com.apple.product-type.application";
		};
/* End PBXNativeTarget section */

/* Begin PBXProject section */
		DB591DAB1A12D7D2005F7DCE /* Project object */ = {
			isa = PBXProject;
			attributes = {
				LastUpgradeCheck = 0610;
				ORGANIZATIONNAME = Haneke;
				TargetAttributes = {
					DB591DB31A12D7D2005F7DCE = {
						CreatedOnToolsVersion = 6.1;
					};
					DB591DBE1A12D7D3005F7DCE = {
						CreatedOnToolsVersion = 6.1;
					};
					DB591DD41A12D853005F7DCE = {
						CreatedOnToolsVersion = 6.1;
					};
				};
			};
			buildConfigurationList = DB591DAE1A12D7D2005F7DCE /* Build configuration list for PBXProject "Haneke" */;
			compatibilityVersion = "Xcode 3.2";
			developmentRegion = English;
			hasScannedForEncodings = 0;
			knownRegions = (
				en,
				Base,
			);
			mainGroup = DB591DAA1A12D7D2005F7DCE;
			productRefGroup = DB591DB51A12D7D3005F7DCE /* Products */;
			projectDirPath = "";
			projectReferences = (
				{
					ProductGroup = DB591E221A12D971005F7DCE /* Products */;
					ProjectRef = DB591E211A12D971005F7DCE /* OHHTTPStubs.xcodeproj */;
				},
			);
			projectRoot = "";
			targets = (
				DB591DB31A12D7D2005F7DCE /* Haneke */,
				DB591DBE1A12D7D3005F7DCE /* HanekeTests */,
				DB591DD41A12D853005F7DCE /* HanekeDemo */,
			);
		};
/* End PBXProject section */

/* Begin PBXReferenceProxy section */
		DB591E291A12D971005F7DCE /* libOHHTTPStubs.a */ = {
			isa = PBXReferenceProxy;
			fileType = archive.ar;
			path = libOHHTTPStubs.a;
			remoteRef = DB591E281A12D971005F7DCE /* PBXContainerItemProxy */;
			sourceTree = BUILT_PRODUCTS_DIR;
		};
		DB591E2B1A12D971005F7DCE /* OHHTTPStubs iOS Tests.xctest */ = {
			isa = PBXReferenceProxy;
			fileType = wrapper.cfbundle;
			path = "OHHTTPStubs iOS Tests.xctest";
			remoteRef = DB591E2A1A12D971005F7DCE /* PBXContainerItemProxy */;
			sourceTree = BUILT_PRODUCTS_DIR;
		};
		DB591E2D1A12D971005F7DCE /* OHHTTPStubs.framework */ = {
			isa = PBXReferenceProxy;
			fileType = wrapper.framework;
			path = OHHTTPStubs.framework;
			remoteRef = DB591E2C1A12D971005F7DCE /* PBXContainerItemProxy */;
			sourceTree = BUILT_PRODUCTS_DIR;
		};
		DB591E2F1A12D971005F7DCE /* OHHTTPStubs Mac Tests.xctest */ = {
			isa = PBXReferenceProxy;
			fileType = wrapper.cfbundle;
			path = "OHHTTPStubs Mac Tests.xctest";
			remoteRef = DB591E2E1A12D971005F7DCE /* PBXContainerItemProxy */;
			sourceTree = BUILT_PRODUCTS_DIR;
		};
/* End PBXReferenceProxy section */

/* Begin PBXResourcesBuildPhase section */
		DB591DB21A12D7D2005F7DCE /* Resources */ = {
			isa = PBXResourcesBuildPhase;
			buildActionMask = 2147483647;
			files = (
			);
			runOnlyForDeploymentPostprocessing = 0;
		};
		DB591DBD1A12D7D3005F7DCE /* Resources */ = {
			isa = PBXResourcesBuildPhase;
			buildActionMask = 2147483647;
			files = (
			);
			runOnlyForDeploymentPostprocessing = 0;
		};
		DB591DD31A12D853005F7DCE /* Resources */ = {
			isa = PBXResourcesBuildPhase;
			buildActionMask = 2147483647;
			files = (
				DB591DDF1A12D853005F7DCE /* Main.storyboard in Resources */,
				DB591DE41A12D853005F7DCE /* LaunchScreen.xib in Resources */,
				DB591DE11A12D853005F7DCE /* Images.xcassets in Resources */,
			);
			runOnlyForDeploymentPostprocessing = 0;
		};
/* End PBXResourcesBuildPhase section */

/* Begin PBXSourcesBuildPhase section */
		DB591DAF1A12D7D2005F7DCE /* Sources */ = {
			isa = PBXSourcesBuildPhase;
			buildActionMask = 2147483647;
			files = (
				DB591E1B1A12D88B005F7DCE /* UIButton+Haneke.swift in Sources */,
				DB591E141A12D88B005F7DCE /* Format.swift in Sources */,
				DB591E1D1A12D88B005F7DCE /* UIImageView+Haneke.swift in Sources */,
				DB591E131A12D88B005F7DCE /* Fetcher.swift in Sources */,
				DB591E161A12D88B005F7DCE /* NetworkFetcher.swift in Sources */,
				DB591E181A12D88B005F7DCE /* NSHTTPURLResponse+Haneke.swift in Sources */,
				DB591E1E1A12D88B005F7DCE /* UIView+Haneke.swift in Sources */,
				DB591E171A12D88B005F7DCE /* NSFileManager+Haneke.swift in Sources */,
				DB591E121A12D88B005F7DCE /* Fetch.swift in Sources */,
				DB591E1C1A12D88B005F7DCE /* UIImage+Haneke.swift in Sources */,
				DB591E0E1A12D88B005F7DCE /* CGSize+Swift.swift in Sources */,
				DB591E151A12D88B005F7DCE /* Haneke.swift in Sources */,
				DB591E1A1A12D88B005F7DCE /* String+Haneke.swift in Sources */,
				DB591E111A12D88B005F7DCE /* DiskFetcher.swift in Sources */,
				DB591E101A12D88B005F7DCE /* DiskCache.swift in Sources */,
				DB591E191A12D88B005F7DCE /* NSURL+Haneke.swift in Sources */,
				DB591E0F1A12D88B005F7DCE /* Data.swift in Sources */,
				DB591E0D1A12D88B005F7DCE /* Cache.swift in Sources */,
			);
			runOnlyForDeploymentPostprocessing = 0;
		};
		DB591DBB1A12D7D3005F7DCE /* Sources */ = {
			isa = PBXSourcesBuildPhase;
			buildActionMask = 2147483647;
			files = (
				DBCFFD141A12DB94000FE0BB /* NSFileManager+HanekeTests.swift in Sources */,
				DBCFFD121A12DB94000FE0BB /* NetworkFetcherTests.swift in Sources */,
				DBCFFD0C1A12DB94000FE0BB /* DiskCacheTests.swift in Sources */,
				DBCFFD191A12DB94000FE0BB /* UIImage+Test.swift in Sources */,
				DBCFFD101A12DB94000FE0BB /* FetchTests.swift in Sources */,
				DBCFFD0F1A12DB94000FE0BB /* FetcherTests.swift in Sources */,
				DBCFFD1A1A12DB94000FE0BB /* UIImageView+HanekeTests.swift in Sources */,
				DBCFFD0A1A12DB94000FE0BB /* CGSize+HanekeTests.swift in Sources */,
				DBCFFD181A12DB94000FE0BB /* UIImage+HanekeTests.swift in Sources */,
				DBCFFD0D1A12DB94000FE0BB /* DiskFetcherTests.swift in Sources */,
				DBCFFD091A12DB94000FE0BB /* CacheTests.swift in Sources */,
				DBCFFD111A12DB94000FE0BB /* FormatTests.swift in Sources */,
				DBCFFD171A12DB94000FE0BB /* UIButton+HanekeTests.swift in Sources */,
				DBCFFD151A12DB94000FE0BB /* NSHTTPURLResponse+HanekeTests.swift in Sources */,
				DBCFFD0E1A12DB94000FE0BB /* DiskTestCase.swift in Sources */,
				DBCFFD161A12DB94000FE0BB /* String+HanekeTests.swift in Sources */,
				DB591E461A12DA14005F7DCE /* HanekeTests.swift in Sources */,
				DBCFFD131A12DB94000FE0BB /* NSData+Test.swift in Sources */,
				DBCFFD1B1A12DB94000FE0BB /* XCTestCase+Test.swift in Sources */,
				DBCFFD0B1A12DB94000FE0BB /* DataTests.swift in Sources */,
			);
			runOnlyForDeploymentPostprocessing = 0;
		};
		DB591DD11A12D853005F7DCE /* Sources */ = {
			isa = PBXSourcesBuildPhase;
			buildActionMask = 2147483647;
			files = (
				DB591DDC1A12D853005F7DCE /* ViewController.swift in Sources */,
				DB591DDA1A12D853005F7DCE /* AppDelegate.swift in Sources */,
			);
			runOnlyForDeploymentPostprocessing = 0;
		};
/* End PBXSourcesBuildPhase section */

/* Begin PBXTargetDependency section */
		DB591DC21A12D7D3005F7DCE /* PBXTargetDependency */ = {
			isa = PBXTargetDependency;
			target = DB591DB31A12D7D2005F7DCE /* Haneke */;
			targetProxy = DB591DC11A12D7D3005F7DCE /* PBXContainerItemProxy */;
		};
		DB591E321A12D98C005F7DCE /* PBXTargetDependency */ = {
			isa = PBXTargetDependency;
			name = "OHHTTPStubs iOS";
			targetProxy = DB591E311A12D98C005F7DCE /* PBXContainerItemProxy */;
		};
/* End PBXTargetDependency section */

/* Begin PBXVariantGroup section */
		DB591DDD1A12D853005F7DCE /* Main.storyboard */ = {
			isa = PBXVariantGroup;
			children = (
				DB591DDE1A12D853005F7DCE /* Base */,
			);
			name = Main.storyboard;
			sourceTree = "<group>";
		};
		DB591DE21A12D853005F7DCE /* LaunchScreen.xib */ = {
			isa = PBXVariantGroup;
			children = (
				DB591DE31A12D853005F7DCE /* Base */,
			);
			name = LaunchScreen.xib;
			sourceTree = "<group>";
		};
/* End PBXVariantGroup section */

/* Begin XCBuildConfiguration section */
		DB591DC81A12D7D3005F7DCE /* Debug */ = {
			isa = XCBuildConfiguration;
			buildSettings = {
				ALWAYS_SEARCH_USER_PATHS = NO;
				CLANG_CXX_LANGUAGE_STANDARD = "gnu++0x";
				CLANG_CXX_LIBRARY = "libc++";
				CLANG_ENABLE_MODULES = YES;
				CLANG_ENABLE_OBJC_ARC = YES;
				CLANG_WARN_BOOL_CONVERSION = YES;
				CLANG_WARN_CONSTANT_CONVERSION = YES;
				CLANG_WARN_DIRECT_OBJC_ISA_USAGE = YES_ERROR;
				CLANG_WARN_EMPTY_BODY = YES;
				CLANG_WARN_ENUM_CONVERSION = YES;
				CLANG_WARN_INT_CONVERSION = YES;
				CLANG_WARN_OBJC_ROOT_CLASS = YES_ERROR;
				CLANG_WARN_UNREACHABLE_CODE = YES;
				CLANG_WARN__DUPLICATE_METHOD_MATCH = YES;
				"CODE_SIGN_IDENTITY[sdk=iphoneos*]" = "iPhone Developer";
				COPY_PHASE_STRIP = NO;
				CURRENT_PROJECT_VERSION = 1;
				ENABLE_STRICT_OBJC_MSGSEND = YES;
				GCC_C_LANGUAGE_STANDARD = gnu99;
				GCC_DYNAMIC_NO_PIC = NO;
				GCC_OPTIMIZATION_LEVEL = 0;
				GCC_PREPROCESSOR_DEFINITIONS = (
					"DEBUG=1",
					"$(inherited)",
				);
				GCC_SYMBOLS_PRIVATE_EXTERN = NO;
				GCC_WARN_64_TO_32_BIT_CONVERSION = YES;
				GCC_WARN_ABOUT_RETURN_TYPE = YES_ERROR;
				GCC_WARN_UNDECLARED_SELECTOR = YES;
				GCC_WARN_UNINITIALIZED_AUTOS = YES_AGGRESSIVE;
				GCC_WARN_UNUSED_FUNCTION = YES;
				GCC_WARN_UNUSED_VARIABLE = YES;
				IPHONEOS_DEPLOYMENT_TARGET = 8.0;
				MTL_ENABLE_DEBUG_INFO = YES;
				ONLY_ACTIVE_ARCH = YES;
				SDKROOT = iphoneos;
				SWIFT_OPTIMIZATION_LEVEL = "-Onone";
				TARGETED_DEVICE_FAMILY = "1,2";
				VERSIONING_SYSTEM = "apple-generic";
				VERSION_INFO_PREFIX = "";
			};
			name = Debug;
		};
		DB591DC91A12D7D3005F7DCE /* Release */ = {
			isa = XCBuildConfiguration;
			buildSettings = {
				ALWAYS_SEARCH_USER_PATHS = NO;
				CLANG_CXX_LANGUAGE_STANDARD = "gnu++0x";
				CLANG_CXX_LIBRARY = "libc++";
				CLANG_ENABLE_MODULES = YES;
				CLANG_ENABLE_OBJC_ARC = YES;
				CLANG_WARN_BOOL_CONVERSION = YES;
				CLANG_WARN_CONSTANT_CONVERSION = YES;
				CLANG_WARN_DIRECT_OBJC_ISA_USAGE = YES_ERROR;
				CLANG_WARN_EMPTY_BODY = YES;
				CLANG_WARN_ENUM_CONVERSION = YES;
				CLANG_WARN_INT_CONVERSION = YES;
				CLANG_WARN_OBJC_ROOT_CLASS = YES_ERROR;
				CLANG_WARN_UNREACHABLE_CODE = YES;
				CLANG_WARN__DUPLICATE_METHOD_MATCH = YES;
				"CODE_SIGN_IDENTITY[sdk=iphoneos*]" = "iPhone Developer";
				COPY_PHASE_STRIP = YES;
				CURRENT_PROJECT_VERSION = 1;
				ENABLE_NS_ASSERTIONS = NO;
				ENABLE_STRICT_OBJC_MSGSEND = YES;
				GCC_C_LANGUAGE_STANDARD = gnu99;
				GCC_WARN_64_TO_32_BIT_CONVERSION = YES;
				GCC_WARN_ABOUT_RETURN_TYPE = YES_ERROR;
				GCC_WARN_UNDECLARED_SELECTOR = YES;
				GCC_WARN_UNINITIALIZED_AUTOS = YES_AGGRESSIVE;
				GCC_WARN_UNUSED_FUNCTION = YES;
				GCC_WARN_UNUSED_VARIABLE = YES;
				IPHONEOS_DEPLOYMENT_TARGET = 8.0;
				MTL_ENABLE_DEBUG_INFO = NO;
				SDKROOT = iphoneos;
				TARGETED_DEVICE_FAMILY = "1,2";
				VALIDATE_PRODUCT = YES;
				VERSIONING_SYSTEM = "apple-generic";
				VERSION_INFO_PREFIX = "";
			};
			name = Release;
		};
		DB591DCB1A12D7D3005F7DCE /* Debug */ = {
			isa = XCBuildConfiguration;
			buildSettings = {
				CLANG_ENABLE_MODULES = YES;
				DEFINES_MODULE = YES;
				DYLIB_COMPATIBILITY_VERSION = 1;
				DYLIB_CURRENT_VERSION = 1;
				DYLIB_INSTALL_NAME_BASE = "@rpath";
				INFOPLIST_FILE = Haneke/Info.plist;
				INSTALL_PATH = "$(LOCAL_LIBRARY_DIR)/Frameworks";
				LD_RUNPATH_SEARCH_PATHS = "$(inherited) @executable_path/Frameworks @loader_path/Frameworks";
				PRODUCT_NAME = "$(TARGET_NAME)";
				SKIP_INSTALL = YES;
				SWIFT_OPTIMIZATION_LEVEL = "-Onone";
			};
			name = Debug;
		};
		DB591DCC1A12D7D3005F7DCE /* Release */ = {
			isa = XCBuildConfiguration;
			buildSettings = {
				CLANG_ENABLE_MODULES = YES;
				DEFINES_MODULE = YES;
				DYLIB_COMPATIBILITY_VERSION = 1;
				DYLIB_CURRENT_VERSION = 1;
				DYLIB_INSTALL_NAME_BASE = "@rpath";
				INFOPLIST_FILE = Haneke/Info.plist;
				INSTALL_PATH = "$(LOCAL_LIBRARY_DIR)/Frameworks";
				LD_RUNPATH_SEARCH_PATHS = "$(inherited) @executable_path/Frameworks @loader_path/Frameworks";
				PRODUCT_NAME = "$(TARGET_NAME)";
				SKIP_INSTALL = YES;
			};
			name = Release;
		};
		DB591DCE1A12D7D3005F7DCE /* Debug */ = {
			isa = XCBuildConfiguration;
			buildSettings = {
				CLANG_ENABLE_MODULES = YES;
				FRAMEWORK_SEARCH_PATHS = (
					"$(SDKROOT)/Developer/Library/Frameworks",
					"$(inherited)",
				);
				GCC_PREPROCESSOR_DEFINITIONS = (
					"DEBUG=1",
					"$(inherited)",
				);
				INFOPLIST_FILE = HanekeTests/Info.plist;
				LD_RUNPATH_SEARCH_PATHS = "$(inherited) @executable_path/Frameworks @loader_path/Frameworks";
				PRODUCT_NAME = "$(TARGET_NAME)";
				SWIFT_OBJC_BRIDGING_HEADER = "HanekeTests/HanekeTests-Bridging-Header.h";
				SWIFT_OPTIMIZATION_LEVEL = "-Onone";
			};
			name = Debug;
		};
		DB591DCF1A12D7D3005F7DCE /* Release */ = {
			isa = XCBuildConfiguration;
			buildSettings = {
				CLANG_ENABLE_MODULES = YES;
				FRAMEWORK_SEARCH_PATHS = (
					"$(SDKROOT)/Developer/Library/Frameworks",
					"$(inherited)",
				);
				INFOPLIST_FILE = HanekeTests/Info.plist;
				LD_RUNPATH_SEARCH_PATHS = "$(inherited) @executable_path/Frameworks @loader_path/Frameworks";
				PRODUCT_NAME = "$(TARGET_NAME)";
				SWIFT_OBJC_BRIDGING_HEADER = "HanekeTests/HanekeTests-Bridging-Header.h";
			};
			name = Release;
		};
		DB591DF21A12D853005F7DCE /* Debug */ = {
			isa = XCBuildConfiguration;
			buildSettings = {
				ASSETCATALOG_COMPILER_APPICON_NAME = AppIcon;
				GCC_PREPROCESSOR_DEFINITIONS = (
					"DEBUG=1",
					"$(inherited)",
				);
				INFOPLIST_FILE = HanekeDemo/Info.plist;
				IPHONEOS_DEPLOYMENT_TARGET = 8.1;
				LD_RUNPATH_SEARCH_PATHS = "$(inherited) @executable_path/Frameworks";
				PRODUCT_NAME = "$(TARGET_NAME)";
			};
			name = Debug;
		};
		DB591DF31A12D853005F7DCE /* Release */ = {
			isa = XCBuildConfiguration;
			buildSettings = {
				ASSETCATALOG_COMPILER_APPICON_NAME = AppIcon;
				INFOPLIST_FILE = HanekeDemo/Info.plist;
				IPHONEOS_DEPLOYMENT_TARGET = 8.1;
				LD_RUNPATH_SEARCH_PATHS = "$(inherited) @executable_path/Frameworks";
				PRODUCT_NAME = "$(TARGET_NAME)";
			};
			name = Release;
		};
/* End XCBuildConfiguration section */

/* Begin XCConfigurationList section */
		DB591DAE1A12D7D2005F7DCE /* Build configuration list for PBXProject "Haneke" */ = {
			isa = XCConfigurationList;
			buildConfigurations = (
				DB591DC81A12D7D3005F7DCE /* Debug */,
				DB591DC91A12D7D3005F7DCE /* Release */,
			);
			defaultConfigurationIsVisible = 0;
			defaultConfigurationName = Release;
		};
		DB591DCA1A12D7D3005F7DCE /* Build configuration list for PBXNativeTarget "Haneke" */ = {
			isa = XCConfigurationList;
			buildConfigurations = (
				DB591DCB1A12D7D3005F7DCE /* Debug */,
				DB591DCC1A12D7D3005F7DCE /* Release */,
			);
			defaultConfigurationIsVisible = 0;
			defaultConfigurationName = Release;
		};
		DB591DCD1A12D7D3005F7DCE /* Build configuration list for PBXNativeTarget "HanekeTests" */ = {
			isa = XCConfigurationList;
			buildConfigurations = (
				DB591DCE1A12D7D3005F7DCE /* Debug */,
				DB591DCF1A12D7D3005F7DCE /* Release */,
			);
			defaultConfigurationIsVisible = 0;
			defaultConfigurationName = Release;
		};
		DB591DF11A12D853005F7DCE /* Build configuration list for PBXNativeTarget "HanekeDemo" */ = {
			isa = XCConfigurationList;
			buildConfigurations = (
				DB591DF21A12D853005F7DCE /* Debug */,
				DB591DF31A12D853005F7DCE /* Release */,
			);
			defaultConfigurationIsVisible = 0;
			defaultConfigurationName = Release;
		};
/* End XCConfigurationList section */
	};
	rootObject = DB591DAB1A12D7D2005F7DCE /* Project object */;
}
